
Microsoft Visual Studio Solution File, Format Version 12.00
# Visual Studio Version 17
VisualStudioVersion = 17.14.36623.8 d17.14
MinimumVisualStudioVersion = 10.0.40219.1
Project("{FAE04EC0-301F-11D3-BF4B-00C04F79EFBC}") = "MauiQRApp", "MauiQRApp\MauiQRApp.csproj", "{8681F617-90A0-45BA-BD94-7D1D34206CC6}"
EndProject
Global
	GlobalSection(SolutionConfigurationPlatforms) = preSolution
		Debug|Any CPU = Debug|Any CPU
		Release|Any CPU = Release|Any CPU
	EndGlobalSection
	GlobalSection(ProjectConfigurationPlatforms) = postSolution
		{8681F617-90A0-45BA-BD94-7D1D34206CC6}.Debug|Any CPU.ActiveCfg = Debug|Any CPU
		{8681F617-90A0-45BA-BD94-7D1D34206CC6}.Debug|Any CPU.Build.0 = Debug|Any CPU
		{8681F617-90A0-45BA-BD94-7D1D34206CC6}.Release|Any CPU.ActiveCfg = Release|Any CPU
		{8681F617-90A0-45BA-BD94-7D1D34206CC6}.Release|Any CPU.Build.0 = Release|Any CPU
	EndGlobalSection
	GlobalSection(SolutionProperties) = preSolution
		HideSolutionNode = FALSE
	EndGlobalSection
	GlobalSection(ExtensibilityGlobals) = postSolution
		SolutionGuid = {D4B21B9A-C9E7-4E1F-BEE5-468FE87493DC}
	EndGlobalSection
EndGlobal
